
Microsoft Visual Studio Solution File, Format Version 12.00
# Visual Studio 14
VisualStudioVersion = 14.0.24720.0
MinimumVisualStudioVersion = 10.0.40219.1
Project("{2150E333-8FDC-42A3-9474-1A3956D46DE8}") = "Client", "Client", "{0232781D-EF57-4661-BA02-02DD607332FB}"
EndProject
Project("{2150E333-8FDC-42A3-9474-1A3956D46DE8}") = "Server", "Server", "{9956A193-079A-4CF0-9BD1-02C2A8BB032D}"
EndProject
Project("{FAE04EC0-301F-11D3-BF4B-00C04F79EFBC}") = "Sample.API", "Sample.API\Sample.API.csproj", "{BBC59E01-3209-4995-B79E-98498201FD62}"
EndProject
Project("{FAE04EC0-301F-11D3-BF4B-00C04F79EFBC}") = "Sample.IdentityServer", "Sample.IdentityServer\Sample.IdentityServer.csproj", "{3BDA85E1-BB17-4D08-93CB-D57A171613AF}"
EndProject
Project("{FAE04EC0-301F-11D3-BF4B-00C04F79EFBC}") = "Sample.Client.Droid", "Sample.Client\Sample.Client.Droid\Sample.Client.Droid.csproj", "{3CC1AEFE-7C0A-42AA-BB6F-924A5187A2C0}"
EndProject
Project("{FAE04EC0-301F-11D3-BF4B-00C04F79EFBC}") = "Sample.Client", "Sample.Client\Sample.Client\Sample.Client.csproj", "{2720563E-D252-438A-8C0F-7A0891DF444B}"
EndProject
Project("{FAE04EC0-301F-11D3-BF4B-00C04F79EFBC}") = "Sample.Constants", "Sample.Constants\Sample.Constants.csproj", "{F461F2BE-F8BF-4A7A-80B8-DCDE6F8A64DD}"
EndProject
Global
	GlobalSection(SolutionConfigurationPlatforms) = preSolution
		Ad-Hoc|Any CPU = Ad-Hoc|Any CPU
		Ad-Hoc|ARM = Ad-Hoc|ARM
		Ad-Hoc|iPhone = Ad-Hoc|iPhone
		Ad-Hoc|iPhoneSimulator = Ad-Hoc|iPhoneSimulator
		Ad-Hoc|x86 = Ad-Hoc|x86
		AppStore|Any CPU = AppStore|Any CPU
		AppStore|ARM = AppStore|ARM
		AppStore|iPhone = AppStore|iPhone
		AppStore|iPhoneSimulator = AppStore|iPhoneSimulator
		AppStore|x86 = AppStore|x86
		AzureWebSites|Any CPU = AzureWebSites|Any CPU
		AzureWebSites|ARM = AzureWebSites|ARM
		AzureWebSites|iPhone = AzureWebSites|iPhone
		AzureWebSites|iPhoneSimulator = AzureWebSites|iPhoneSimulator
		AzureWebSites|x86 = AzureWebSites|x86
		Debug|Any CPU = Debug|Any CPU
		Debug|ARM = Debug|ARM
		Debug|iPhone = Debug|iPhone
		Debug|iPhoneSimulator = Debug|iPhoneSimulator
		Debug|x86 = Debug|x86
		Release|Any CPU = Release|Any CPU
		Release|ARM = Release|ARM
		Release|iPhone = Release|iPhone
		Release|iPhoneSimulator = Release|iPhoneSimulator
		Release|x86 = Release|x86
	EndGlobalSection
	GlobalSection(ProjectConfigurationPlatforms) = postSolution
		{BBC59E01-3209-4995-B79E-98498201FD62}.Ad-Hoc|Any CPU.ActiveCfg = Release|Any CPU
		{BBC59E01-3209-4995-B79E-98498201FD62}.Ad-Hoc|Any CPU.Build.0 = Release|Any CPU
		{BBC59E01-3209-4995-B79E-98498201FD62}.Ad-Hoc|ARM.ActiveCfg = Release|Any CPU
		{BBC59E01-3209-4995-B79E-98498201FD62}.Ad-Hoc|ARM.Build.0 = Release|Any CPU
		{BBC59E01-3209-4995-B79E-98498201FD62}.Ad-Hoc|iPhone.ActiveCfg = Release|Any CPU
		{BBC59E01-3209-4995-B79E-98498201FD62}.Ad-Hoc|iPhone.Build.0 = Release|Any CPU
		{BBC59E01-3209-4995-B79E-98498201FD62}.Ad-Hoc|iPhoneSimulator.ActiveCfg = Release|Any CPU
		{BBC59E01-3209-4995-B79E-98498201FD62}.Ad-Hoc|iPhoneSimulator.Build.0 = Release|Any CPU
		{BBC59E01-3209-4995-B79E-98498201FD62}.Ad-Hoc|x86.ActiveCfg = Release|Any CPU
		{BBC59E01-3209-4995-B79E-98498201FD62}.Ad-Hoc|x86.Build.0 = Release|Any CPU
		{BBC59E01-3209-4995-B79E-98498201FD62}.AppStore|Any CPU.ActiveCfg = Release|Any CPU
		{BBC59E01-3209-4995-B79E-98498201FD62}.AppStore|Any CPU.Build.0 = Release|Any CPU
		{BBC59E01-3209-4995-B79E-98498201FD62}.AppStore|ARM.ActiveCfg = Release|Any CPU
		{BBC59E01-3209-4995-B79E-98498201FD62}.AppStore|ARM.Build.0 = Release|Any CPU
		{BBC59E01-3209-4995-B79E-98498201FD62}.AppStore|iPhone.ActiveCfg = Release|Any CPU
		{BBC59E01-3209-4995-B79E-98498201FD62}.AppStore|iPhone.Build.0 = Release|Any CPU
		{BBC59E01-3209-4995-B79E-98498201FD62}.AppStore|iPhoneSimulator.ActiveCfg = Release|Any CPU
		{BBC59E01-3209-4995-B79E-98498201FD62}.AppStore|iPhoneSimulator.Build.0 = Release|Any CPU
		{BBC59E01-3209-4995-B79E-98498201FD62}.AppStore|x86.ActiveCfg = Release|Any CPU
		{BBC59E01-3209-4995-B79E-98498201FD62}.AppStore|x86.Build.0 = Release|Any CPU
		{BBC59E01-3209-4995-B79E-98498201FD62}.AzureWebSites|Any CPU.ActiveCfg = Release|Any CPU
		{BBC59E01-3209-4995-B79E-98498201FD62}.AzureWebSites|Any CPU.Build.0 = Release|Any CPU
		{BBC59E01-3209-4995-B79E-98498201FD62}.AzureWebSites|ARM.ActiveCfg = Release|Any CPU
		{BBC59E01-3209-4995-B79E-98498201FD62}.AzureWebSites|ARM.Build.0 = Release|Any CPU
		{BBC59E01-3209-4995-B79E-98498201FD62}.AzureWebSites|iPhone.ActiveCfg = Release|Any CPU
		{BBC59E01-3209-4995-B79E-98498201FD62}.AzureWebSites|iPhone.Build.0 = Release|Any CPU
		{BBC59E01-3209-4995-B79E-98498201FD62}.AzureWebSites|iPhoneSimulator.ActiveCfg = Release|Any CPU
		{BBC59E01-3209-4995-B79E-98498201FD62}.AzureWebSites|iPhoneSimulator.Build.0 = Release|Any CPU
		{BBC59E01-3209-4995-B79E-98498201FD62}.AzureWebSites|x86.ActiveCfg = Release|Any CPU
		{BBC59E01-3209-4995-B79E-98498201FD62}.AzureWebSites|x86.Build.0 = Release|Any CPU
		{BBC59E01-3209-4995-B79E-98498201FD62}.Debug|Any CPU.ActiveCfg = Debug|Any CPU
		{BBC59E01-3209-4995-B79E-98498201FD62}.Debug|Any CPU.Build.0 = Debug|Any CPU
		{BBC59E01-3209-4995-B79E-98498201FD62}.Debug|ARM.ActiveCfg = Debug|Any CPU
		{BBC59E01-3209-4995-B79E-98498201FD62}.Debug|ARM.Build.0 = Debug|Any CPU
		{BBC59E01-3209-4995-B79E-98498201FD62}.Debug|iPhone.ActiveCfg = Debug|Any CPU
		{BBC59E01-3209-4995-B79E-98498201FD62}.Debug|iPhone.Build.0 = Debug|Any CPU
		{BBC59E01-3209-4995-B79E-98498201FD62}.Debug|iPhoneSimulator.ActiveCfg = Debug|Any CPU
		{BBC59E01-3209-4995-B79E-98498201FD62}.Debug|iPhoneSimulator.Build.0 = Debug|Any CPU
		{BBC59E01-3209-4995-B79E-98498201FD62}.Debug|x86.ActiveCfg = Debug|Any CPU
		{BBC59E01-3209-4995-B79E-98498201FD62}.Debug|x86.Build.0 = Debug|Any CPU
		{BBC59E01-3209-4995-B79E-98498201FD62}.Release|Any CPU.ActiveCfg = Release|Any CPU
		{BBC59E01-3209-4995-B79E-98498201FD62}.Release|Any CPU.Build.0 = Release|Any CPU
		{BBC59E01-3209-4995-B79E-98498201FD62}.Release|ARM.ActiveCfg = Release|Any CPU
		{BBC59E01-3209-4995-B79E-98498201FD62}.Release|ARM.Build.0 = Release|Any CPU
		{BBC59E01-3209-4995-B79E-98498201FD62}.Release|iPhone.ActiveCfg = Release|Any CPU
		{BBC59E01-3209-4995-B79E-98498201FD62}.Release|iPhone.Build.0 = Release|Any CPU
		{BBC59E01-3209-4995-B79E-98498201FD62}.Release|iPhoneSimulator.ActiveCfg = Release|Any CPU
		{BBC59E01-3209-4995-B79E-98498201FD62}.Release|iPhoneSimulator.Build.0 = Release|Any CPU
		{BBC59E01-3209-4995-B79E-98498201FD62}.Release|x86.ActiveCfg = Release|Any CPU
		{BBC59E01-3209-4995-B79E-98498201FD62}.Release|x86.Build.0 = Release|Any CPU
		{3BDA85E1-BB17-4D08-93CB-D57A171613AF}.Ad-Hoc|Any CPU.ActiveCfg = Release|Any CPU
		{3BDA85E1-BB17-4D08-93CB-D57A171613AF}.Ad-Hoc|Any CPU.Build.0 = Release|Any CPU
		{3BDA85E1-BB17-4D08-93CB-D57A171613AF}.Ad-Hoc|ARM.ActiveCfg = Release|Any CPU
		{3BDA85E1-BB17-4D08-93CB-D57A171613AF}.Ad-Hoc|ARM.Build.0 = Release|Any CPU
		{3BDA85E1-BB17-4D08-93CB-D57A171613AF}.Ad-Hoc|iPhone.ActiveCfg = Release|Any CPU
		{3BDA85E1-BB17-4D08-93CB-D57A171613AF}.Ad-Hoc|iPhone.Build.0 = Release|Any CPU
		{3BDA85E1-BB17-4D08-93CB-D57A171613AF}.Ad-Hoc|iPhoneSimulator.ActiveCfg = Release|Any CPU
		{3BDA85E1-BB17-4D08-93CB-D57A171613AF}.Ad-Hoc|iPhoneSimulator.Build.0 = Release|Any CPU
		{3BDA85E1-BB17-4D08-93CB-D57A171613AF}.Ad-Hoc|x86.ActiveCfg = Release|Any CPU
		{3BDA85E1-BB17-4D08-93CB-D57A171613AF}.Ad-Hoc|x86.Build.0 = Release|Any CPU
		{3BDA85E1-BB17-4D08-93CB-D57A171613AF}.AppStore|Any CPU.ActiveCfg = Release|Any CPU
		{3BDA85E1-BB17-4D08-93CB-D57A171613AF}.AppStore|Any CPU.Build.0 = Release|Any CPU
		{3BDA85E1-BB17-4D08-93CB-D57A171613AF}.AppStore|ARM.ActiveCfg = Release|Any CPU
		{3BDA85E1-BB17-4D08-93CB-D57A171613AF}.AppStore|ARM.Build.0 = Release|Any CPU
		{3BDA85E1-BB17-4D08-93CB-D57A171613AF}.AppStore|iPhone.ActiveCfg = Release|Any CPU
		{3BDA85E1-BB17-4D08-93CB-D57A171613AF}.AppStore|iPhone.Build.0 = Release|Any CPU
		{3BDA85E1-BB17-4D08-93CB-D57A171613AF}.AppStore|iPhoneSimulator.ActiveCfg = Release|Any CPU
		{3BDA85E1-BB17-4D08-93CB-D57A171613AF}.AppStore|iPhoneSimulator.Build.0 = Release|Any CPU
		{3BDA85E1-BB17-4D08-93CB-D57A171613AF}.AppStore|x86.ActiveCfg = Release|Any CPU
		{3BDA85E1-BB17-4D08-93CB-D57A171613AF}.AppStore|x86.Build.0 = Release|Any CPU
		{3BDA85E1-BB17-4D08-93CB-D57A171613AF}.AzureWebSites|Any CPU.ActiveCfg = Release|Any CPU
		{3BDA85E1-BB17-4D08-93CB-D57A171613AF}.AzureWebSites|Any CPU.Build.0 = Release|Any CPU
		{3BDA85E1-BB17-4D08-93CB-D57A171613AF}.AzureWebSites|ARM.ActiveCfg = Release|Any CPU
		{3BDA85E1-BB17-4D08-93CB-D57A171613AF}.AzureWebSites|ARM.Build.0 = Release|Any CPU
		{3BDA85E1-BB17-4D08-93CB-D57A171613AF}.AzureWebSites|iPhone.ActiveCfg = Release|Any CPU
		{3BDA85E1-BB17-4D08-93CB-D57A171613AF}.AzureWebSites|iPhone.Build.0 = Release|Any CPU
		{3BDA85E1-BB17-4D08-93CB-D57A171613AF}.AzureWebSites|iPhoneSimulator.ActiveCfg = Release|Any CPU
		{3BDA85E1-BB17-4D08-93CB-D57A171613AF}.AzureWebSites|iPhoneSimulator.Build.0 = Release|Any CPU
		{3BDA85E1-BB17-4D08-93CB-D57A171613AF}.AzureWebSites|x86.ActiveCfg = Release|Any CPU
		{3BDA85E1-BB17-4D08-93CB-D57A171613AF}.AzureWebSites|x86.Build.0 = Release|Any CPU
		{3BDA85E1-BB17-4D08-93CB-D57A171613AF}.Debug|Any CPU.ActiveCfg = Debug|Any CPU
		{3BDA85E1-BB17-4D08-93CB-D57A171613AF}.Debug|Any CPU.Build.0 = Debug|Any CPU
		{3BDA85E1-BB17-4D08-93CB-D57A171613AF}.Debug|ARM.ActiveCfg = Debug|Any CPU
		{3BDA85E1-BB17-4D08-93CB-D57A171613AF}.Debug|ARM.Build.0 = Debug|Any CPU
		{3BDA85E1-BB17-4D08-93CB-D57A171613AF}.Debug|iPhone.ActiveCfg = Debug|Any CPU
		{3BDA85E1-BB17-4D08-93CB-D57A171613AF}.Debug|iPhone.Build.0 = Debug|Any CPU
		{3BDA85E1-BB17-4D08-93CB-D57A171613AF}.Debug|iPhoneSimulator.ActiveCfg = Debug|Any CPU
		{3BDA85E1-BB17-4D08-93CB-D57A171613AF}.Debug|iPhoneSimulator.Build.0 = Debug|Any CPU
		{3BDA85E1-BB17-4D08-93CB-D57A171613AF}.Debug|x86.ActiveCfg = Debug|Any CPU
		{3BDA85E1-BB17-4D08-93CB-D57A171613AF}.Debug|x86.Build.0 = Debug|Any CPU
		{3BDA85E1-BB17-4D08-93CB-D57A171613AF}.Release|Any CPU.ActiveCfg = Release|Any CPU
		{3BDA85E1-BB17-4D08-93CB-D57A171613AF}.Release|Any CPU.Build.0 = Release|Any CPU
		{3BDA85E1-BB17-4D08-93CB-D57A171613AF}.Release|ARM.ActiveCfg = Release|Any CPU
		{3BDA85E1-BB17-4D08-93CB-D57A171613AF}.Release|ARM.Build.0 = Release|Any CPU
		{3BDA85E1-BB17-4D08-93CB-D57A171613AF}.Release|iPhone.ActiveCfg = Release|Any CPU
		{3BDA85E1-BB17-4D08-93CB-D57A171613AF}.Release|iPhone.Build.0 = Release|Any CPU
		{3BDA85E1-BB17-4D08-93CB-D57A171613AF}.Release|iPhoneSimulator.ActiveCfg = Release|Any CPU
		{3BDA85E1-BB17-4D08-93CB-D57A171613AF}.Release|iPhoneSimulator.Build.0 = Release|Any CPU
		{3BDA85E1-BB17-4D08-93CB-D57A171613AF}.Release|x86.ActiveCfg = Release|Any CPU
		{3BDA85E1-BB17-4D08-93CB-D57A171613AF}.Release|x86.Build.0 = Release|Any CPU
		{3CC1AEFE-7C0A-42AA-BB6F-924A5187A2C0}.Ad-Hoc|Any CPU.ActiveCfg = Release|Any CPU
		{3CC1AEFE-7C0A-42AA-BB6F-924A5187A2C0}.Ad-Hoc|Any CPU.Build.0 = Release|Any CPU
		{3CC1AEFE-7C0A-42AA-BB6F-924A5187A2C0}.Ad-Hoc|Any CPU.Deploy.0 = Release|Any CPU
		{3CC1AEFE-7C0A-42AA-BB6F-924A5187A2C0}.Ad-Hoc|ARM.ActiveCfg = Release|Any CPU
		{3CC1AEFE-7C0A-42AA-BB6F-924A5187A2C0}.Ad-Hoc|ARM.Build.0 = Release|Any CPU
		{3CC1AEFE-7C0A-42AA-BB6F-924A5187A2C0}.Ad-Hoc|ARM.Deploy.0 = Release|Any CPU
		{3CC1AEFE-7C0A-42AA-BB6F-924A5187A2C0}.Ad-Hoc|iPhone.ActiveCfg = Release|Any CPU
		{3CC1AEFE-7C0A-42AA-BB6F-924A5187A2C0}.Ad-Hoc|iPhone.Build.0 = Release|Any CPU
		{3CC1AEFE-7C0A-42AA-BB6F-924A5187A2C0}.Ad-Hoc|iPhone.Deploy.0 = Release|Any CPU
		{3CC1AEFE-7C0A-42AA-BB6F-924A5187A2C0}.Ad-Hoc|iPhoneSimulator.ActiveCfg = Release|Any CPU
		{3CC1AEFE-7C0A-42AA-BB6F-924A5187A2C0}.Ad-Hoc|iPhoneSimulator.Build.0 = Release|Any CPU
		{3CC1AEFE-7C0A-42AA-BB6F-924A5187A2C0}.Ad-Hoc|iPhoneSimulator.Deploy.0 = Release|Any CPU
		{3CC1AEFE-7C0A-42AA-BB6F-924A5187A2C0}.Ad-Hoc|x86.ActiveCfg = Release|Any CPU
		{3CC1AEFE-7C0A-42AA-BB6F-924A5187A2C0}.Ad-Hoc|x86.Build.0 = Release|Any CPU
		{3CC1AEFE-7C0A-42AA-BB6F-924A5187A2C0}.Ad-Hoc|x86.Deploy.0 = Release|Any CPU
		{3CC1AEFE-7C0A-42AA-BB6F-924A5187A2C0}.AppStore|Any CPU.ActiveCfg = Release|Any CPU
		{3CC1AEFE-7C0A-42AA-BB6F-924A5187A2C0}.AppStore|Any CPU.Build.0 = Release|Any CPU
		{3CC1AEFE-7C0A-42AA-BB6F-924A5187A2C0}.AppStore|Any CPU.Deploy.0 = Release|Any CPU
		{3CC1AEFE-7C0A-42AA-BB6F-924A5187A2C0}.AppStore|ARM.ActiveCfg = Release|Any CPU
		{3CC1AEFE-7C0A-42AA-BB6F-924A5187A2C0}.AppStore|ARM.Build.0 = Release|Any CPU
		{3CC1AEFE-7C0A-42AA-BB6F-924A5187A2C0}.AppStore|ARM.Deploy.0 = Release|Any CPU
		{3CC1AEFE-7C0A-42AA-BB6F-924A5187A2C0}.AppStore|iPhone.ActiveCfg = Release|Any CPU
		{3CC1AEFE-7C0A-42AA-BB6F-924A5187A2C0}.AppStore|iPhone.Build.0 = Release|Any CPU
		{3CC1AEFE-7C0A-42AA-BB6F-924A5187A2C0}.AppStore|iPhone.Deploy.0 = Release|Any CPU
		{3CC1AEFE-7C0A-42AA-BB6F-924A5187A2C0}.AppStore|iPhoneSimulator.ActiveCfg = Release|Any CPU
		{3CC1AEFE-7C0A-42AA-BB6F-924A5187A2C0}.AppStore|iPhoneSimulator.Build.0 = Release|Any CPU
		{3CC1AEFE-7C0A-42AA-BB6F-924A5187A2C0}.AppStore|iPhoneSimulator.Deploy.0 = Release|Any CPU
		{3CC1AEFE-7C0A-42AA-BB6F-924A5187A2C0}.AppStore|x86.ActiveCfg = Release|Any CPU
		{3CC1AEFE-7C0A-42AA-BB6F-924A5187A2C0}.AppStore|x86.Build.0 = Release|Any CPU
		{3CC1AEFE-7C0A-42AA-BB6F-924A5187A2C0}.AppStore|x86.Deploy.0 = Release|Any CPU
		{3CC1AEFE-7C0A-42AA-BB6F-924A5187A2C0}.AzureWebSites|Any CPU.ActiveCfg = Release|Any CPU
		{3CC1AEFE-7C0A-42AA-BB6F-924A5187A2C0}.AzureWebSites|Any CPU.Build.0 = Release|Any CPU
		{3CC1AEFE-7C0A-42AA-BB6F-924A5187A2C0}.AzureWebSites|Any CPU.Deploy.0 = Release|Any CPU
		{3CC1AEFE-7C0A-42AA-BB6F-924A5187A2C0}.AzureWebSites|ARM.ActiveCfg = Release|Any CPU
		{3CC1AEFE-7C0A-42AA-BB6F-924A5187A2C0}.AzureWebSites|ARM.Build.0 = Release|Any CPU
		{3CC1AEFE-7C0A-42AA-BB6F-924A5187A2C0}.AzureWebSites|ARM.Deploy.0 = Release|Any CPU
		{3CC1AEFE-7C0A-42AA-BB6F-924A5187A2C0}.AzureWebSites|iPhone.ActiveCfg = Release|Any CPU
		{3CC1AEFE-7C0A-42AA-BB6F-924A5187A2C0}.AzureWebSites|iPhone.Build.0 = Release|Any CPU
		{3CC1AEFE-7C0A-42AA-BB6F-924A5187A2C0}.AzureWebSites|iPhone.Deploy.0 = Release|Any CPU
		{3CC1AEFE-7C0A-42AA-BB6F-924A5187A2C0}.AzureWebSites|iPhoneSimulator.ActiveCfg = Release|Any CPU
		{3CC1AEFE-7C0A-42AA-BB6F-924A5187A2C0}.AzureWebSites|iPhoneSimulator.Build.0 = Release|Any CPU
		{3CC1AEFE-7C0A-42AA-BB6F-924A5187A2C0}.AzureWebSites|iPhoneSimulator.Deploy.0 = Release|Any CPU
		{3CC1AEFE-7C0A-42AA-BB6F-924A5187A2C0}.AzureWebSites|x86.ActiveCfg = Release|Any CPU
		{3CC1AEFE-7C0A-42AA-BB6F-924A5187A2C0}.AzureWebSites|x86.Build.0 = Release|Any CPU
		{3CC1AEFE-7C0A-42AA-BB6F-924A5187A2C0}.AzureWebSites|x86.Deploy.0 = Release|Any CPU
		{3CC1AEFE-7C0A-42AA-BB6F-924A5187A2C0}.Debug|Any CPU.ActiveCfg = Debug|Any CPU
		{3CC1AEFE-7C0A-42AA-BB6F-924A5187A2C0}.Debug|Any CPU.Build.0 = Debug|Any CPU
		{3CC1AEFE-7C0A-42AA-BB6F-924A5187A2C0}.Debug|Any CPU.Deploy.0 = Debug|Any CPU
		{3CC1AEFE-7C0A-42AA-BB6F-924A5187A2C0}.Debug|ARM.ActiveCfg = Debug|Any CPU
		{3CC1AEFE-7C0A-42AA-BB6F-924A5187A2C0}.Debug|ARM.Build.0 = Debug|Any CPU
		{3CC1AEFE-7C0A-42AA-BB6F-924A5187A2C0}.Debug|ARM.Deploy.0 = Debug|Any CPU
		{3CC1AEFE-7C0A-42AA-BB6F-924A5187A2C0}.Debug|iPhone.ActiveCfg = Debug|Any CPU
		{3CC1AEFE-7C0A-42AA-BB6F-924A5187A2C0}.Debug|iPhone.Build.0 = Debug|Any CPU
		{3CC1AEFE-7C0A-42AA-BB6F-924A5187A2C0}.Debug|iPhone.Deploy.0 = Debug|Any CPU
		{3CC1AEFE-7C0A-42AA-BB6F-924A5187A2C0}.Debug|iPhoneSimulator.ActiveCfg = Debug|Any CPU
		{3CC1AEFE-7C0A-42AA-BB6F-924A5187A2C0}.Debug|iPhoneSimulator.Build.0 = Debug|Any CPU
		{3CC1AEFE-7C0A-42AA-BB6F-924A5187A2C0}.Debug|iPhoneSimulator.Deploy.0 = Debug|Any CPU
		{3CC1AEFE-7C0A-42AA-BB6F-924A5187A2C0}.Debug|x86.ActiveCfg = Debug|Any CPU
		{3CC1AEFE-7C0A-42AA-BB6F-924A5187A2C0}.Debug|x86.Build.0 = Debug|Any CPU
		{3CC1AEFE-7C0A-42AA-BB6F-924A5187A2C0}.Debug|x86.Deploy.0 = Debug|Any CPU
		{3CC1AEFE-7C0A-42AA-BB6F-924A5187A2C0}.Release|Any CPU.ActiveCfg = Release|Any CPU
		{3CC1AEFE-7C0A-42AA-BB6F-924A5187A2C0}.Release|Any CPU.Build.0 = Release|Any CPU
		{3CC1AEFE-7C0A-42AA-BB6F-924A5187A2C0}.Release|Any CPU.Deploy.0 = Release|Any CPU
		{3CC1AEFE-7C0A-42AA-BB6F-924A5187A2C0}.Release|ARM.ActiveCfg = Release|Any CPU
		{3CC1AEFE-7C0A-42AA-BB6F-924A5187A2C0}.Release|ARM.Build.0 = Release|Any CPU
		{3CC1AEFE-7C0A-42AA-BB6F-924A5187A2C0}.Release|ARM.Deploy.0 = Release|Any CPU
		{3CC1AEFE-7C0A-42AA-BB6F-924A5187A2C0}.Release|iPhone.ActiveCfg = Release|Any CPU
		{3CC1AEFE-7C0A-42AA-BB6F-924A5187A2C0}.Release|iPhone.Build.0 = Release|Any CPU
		{3CC1AEFE-7C0A-42AA-BB6F-924A5187A2C0}.Release|iPhone.Deploy.0 = Release|Any CPU
		{3CC1AEFE-7C0A-42AA-BB6F-924A5187A2C0}.Release|iPhoneSimulator.ActiveCfg = Release|Any CPU
		{3CC1AEFE-7C0A-42AA-BB6F-924A5187A2C0}.Release|iPhoneSimulator.Build.0 = Release|Any CPU
		{3CC1AEFE-7C0A-42AA-BB6F-924A5187A2C0}.Release|iPhoneSimulator.Deploy.0 = Release|Any CPU
		{3CC1AEFE-7C0A-42AA-BB6F-924A5187A2C0}.Release|x86.ActiveCfg = Release|Any CPU
		{3CC1AEFE-7C0A-42AA-BB6F-924A5187A2C0}.Release|x86.Build.0 = Release|Any CPU
		{3CC1AEFE-7C0A-42AA-BB6F-924A5187A2C0}.Release|x86.Deploy.0 = Release|Any CPU
		{2720563E-D252-438A-8C0F-7A0891DF444B}.Ad-Hoc|Any CPU.ActiveCfg = Release|Any CPU
		{2720563E-D252-438A-8C0F-7A0891DF444B}.Ad-Hoc|Any CPU.Build.0 = Release|Any CPU
		{2720563E-D252-438A-8C0F-7A0891DF444B}.Ad-Hoc|ARM.ActiveCfg = Release|Any CPU
		{2720563E-D252-438A-8C0F-7A0891DF444B}.Ad-Hoc|ARM.Build.0 = Release|Any CPU
		{2720563E-D252-438A-8C0F-7A0891DF444B}.Ad-Hoc|iPhone.ActiveCfg = Release|Any CPU
		{2720563E-D252-438A-8C0F-7A0891DF444B}.Ad-Hoc|iPhone.Build.0 = Release|Any CPU
		{2720563E-D252-438A-8C0F-7A0891DF444B}.Ad-Hoc|iPhoneSimulator.ActiveCfg = Release|Any CPU
		{2720563E-D252-438A-8C0F-7A0891DF444B}.Ad-Hoc|iPhoneSimulator.Build.0 = Release|Any CPU
		{2720563E-D252-438A-8C0F-7A0891DF444B}.Ad-Hoc|x86.ActiveCfg = Release|Any CPU
		{2720563E-D252-438A-8C0F-7A0891DF444B}.Ad-Hoc|x86.Build.0 = Release|Any CPU
		{2720563E-D252-438A-8C0F-7A0891DF444B}.AppStore|Any CPU.ActiveCfg = Release|Any CPU
		{2720563E-D252-438A-8C0F-7A0891DF444B}.AppStore|Any CPU.Build.0 = Release|Any CPU
		{2720563E-D252-438A-8C0F-7A0891DF444B}.AppStore|ARM.ActiveCfg = Release|Any CPU
		{2720563E-D252-438A-8C0F-7A0891DF444B}.AppStore|ARM.Build.0 = Release|Any CPU
		{2720563E-D252-438A-8C0F-7A0891DF444B}.AppStore|iPhone.ActiveCfg = Release|Any CPU
		{2720563E-D252-438A-8C0F-7A0891DF444B}.AppStore|iPhone.Build.0 = Release|Any CPU
		{2720563E-D252-438A-8C0F-7A0891DF444B}.AppStore|iPhoneSimulator.ActiveCfg = Release|Any CPU
		{2720563E-D252-438A-8C0F-7A0891DF444B}.AppStore|iPhoneSimulator.Build.0 = Release|Any CPU
		{2720563E-D252-438A-8C0F-7A0891DF444B}.AppStore|x86.ActiveCfg = Release|Any CPU
		{2720563E-D252-438A-8C0F-7A0891DF444B}.AppStore|x86.Build.0 = Release|Any CPU
		{2720563E-D252-438A-8C0F-7A0891DF444B}.AzureWebSites|Any CPU.ActiveCfg = Release|Any CPU
		{2720563E-D252-438A-8C0F-7A0891DF444B}.AzureWebSites|Any CPU.Build.0 = Release|Any CPU
		{2720563E-D252-438A-8C0F-7A0891DF444B}.AzureWebSites|ARM.ActiveCfg = Release|Any CPU
		{2720563E-D252-438A-8C0F-7A0891DF444B}.AzureWebSites|ARM.Build.0 = Release|Any CPU
		{2720563E-D252-438A-8C0F-7A0891DF444B}.AzureWebSites|iPhone.ActiveCfg = Release|Any CPU
		{2720563E-D252-438A-8C0F-7A0891DF444B}.AzureWebSites|iPhone.Build.0 = Release|Any CPU
		{2720563E-D252-438A-8C0F-7A0891DF444B}.AzureWebSites|iPhoneSimulator.ActiveCfg = Release|Any CPU
		{2720563E-D252-438A-8C0F-7A0891DF444B}.AzureWebSites|iPhoneSimulator.Build.0 = Release|Any CPU
		{2720563E-D252-438A-8C0F-7A0891DF444B}.AzureWebSites|x86.ActiveCfg = Release|Any CPU
		{2720563E-D252-438A-8C0F-7A0891DF444B}.AzureWebSites|x86.Build.0 = Release|Any CPU
		{2720563E-D252-438A-8C0F-7A0891DF444B}.Debug|Any CPU.ActiveCfg = Debug|Any CPU
		{2720563E-D252-438A-8C0F-7A0891DF444B}.Debug|Any CPU.Build.0 = Debug|Any CPU
		{2720563E-D252-438A-8C0F-7A0891DF444B}.Debug|ARM.ActiveCfg = Debug|Any CPU
		{2720563E-D252-438A-8C0F-7A0891DF444B}.Debug|ARM.Build.0 = Debug|Any CPU
		{2720563E-D252-438A-8C0F-7A0891DF444B}.Debug|iPhone.ActiveCfg = Debug|Any CPU
		{2720563E-D252-438A-8C0F-7A0891DF444B}.Debug|iPhone.Build.0 = Debug|Any CPU
		{2720563E-D252-438A-8C0F-7A0891DF444B}.Debug|iPhoneSimulator.ActiveCfg = Debug|Any CPU
		{2720563E-D252-438A-8C0F-7A0891DF444B}.Debug|iPhoneSimulator.Build.0 = Debug|Any CPU
		{2720563E-D252-438A-8C0F-7A0891DF444B}.Debug|x86.ActiveCfg = Debug|Any CPU
		{2720563E-D252-438A-8C0F-7A0891DF444B}.Debug|x86.Build.0 = Debug|Any CPU
		{2720563E-D252-438A-8C0F-7A0891DF444B}.Release|Any CPU.ActiveCfg = Release|Any CPU
		{2720563E-D252-438A-8C0F-7A0891DF444B}.Release|Any CPU.Build.0 = Release|Any CPU
		{2720563E-D252-438A-8C0F-7A0891DF444B}.Release|ARM.ActiveCfg = Release|Any CPU
		{2720563E-D252-438A-8C0F-7A0891DF444B}.Release|ARM.Build.0 = Release|Any CPU
		{2720563E-D252-438A-8C0F-7A0891DF444B}.Release|iPhone.ActiveCfg = Release|Any CPU
		{2720563E-D252-438A-8C0F-7A0891DF444B}.Release|iPhone.Build.0 = Release|Any CPU
		{2720563E-D252-438A-8C0F-7A0891DF444B}.Release|iPhoneSimulator.ActiveCfg = Release|Any CPU
		{2720563E-D252-438A-8C0F-7A0891DF444B}.Release|iPhoneSimulator.Build.0 = Release|Any CPU
		{2720563E-D252-438A-8C0F-7A0891DF444B}.Release|x86.ActiveCfg = Release|Any CPU
		{2720563E-D252-438A-8C0F-7A0891DF444B}.Release|x86.Build.0 = Release|Any CPU
		{F461F2BE-F8BF-4A7A-80B8-DCDE6F8A64DD}.Ad-Hoc|Any CPU.ActiveCfg = Release|Any CPU
		{F461F2BE-F8BF-4A7A-80B8-DCDE6F8A64DD}.Ad-Hoc|Any CPU.Build.0 = Release|Any CPU
		{F461F2BE-F8BF-4A7A-80B8-DCDE6F8A64DD}.Ad-Hoc|ARM.ActiveCfg = Release|Any CPU
		{F461F2BE-F8BF-4A7A-80B8-DCDE6F8A64DD}.Ad-Hoc|ARM.Build.0 = Release|Any CPU
		{F461F2BE-F8BF-4A7A-80B8-DCDE6F8A64DD}.Ad-Hoc|iPhone.ActiveCfg = Release|Any CPU
		{F461F2BE-F8BF-4A7A-80B8-DCDE6F8A64DD}.Ad-Hoc|iPhone.Build.0 = Release|Any CPU
		{F461F2BE-F8BF-4A7A-80B8-DCDE6F8A64DD}.Ad-Hoc|iPhoneSimulator.ActiveCfg = Release|Any CPU
		{F461F2BE-F8BF-4A7A-80B8-DCDE6F8A64DD}.Ad-Hoc|iPhoneSimulator.Build.0 = Release|Any CPU
		{F461F2BE-F8BF-4A7A-80B8-DCDE6F8A64DD}.Ad-Hoc|x86.ActiveCfg = Release|Any CPU
		{F461F2BE-F8BF-4A7A-80B8-DCDE6F8A64DD}.Ad-Hoc|x86.Build.0 = Release|Any CPU
		{F461F2BE-F8BF-4A7A-80B8-DCDE6F8A64DD}.AppStore|Any CPU.ActiveCfg = Release|Any CPU
		{F461F2BE-F8BF-4A7A-80B8-DCDE6F8A64DD}.AppStore|Any CPU.Build.0 = Release|Any CPU
		{F461F2BE-F8BF-4A7A-80B8-DCDE6F8A64DD}.AppStore|ARM.ActiveCfg = Release|Any CPU
		{F461F2BE-F8BF-4A7A-80B8-DCDE6F8A64DD}.AppStore|ARM.Build.0 = Release|Any CPU
		{F461F2BE-F8BF-4A7A-80B8-DCDE6F8A64DD}.AppStore|iPhone.ActiveCfg = Release|Any CPU
		{F461F2BE-F8BF-4A7A-80B8-DCDE6F8A64DD}.AppStore|iPhone.Build.0 = Release|Any CPU
		{F461F2BE-F8BF-4A7A-80B8-DCDE6F8A64DD}.AppStore|iPhoneSimulator.ActiveCfg = Release|Any CPU
		{F461F2BE-F8BF-4A7A-80B8-DCDE6F8A64DD}.AppStore|iPhoneSimulator.Build.0 = Release|Any CPU
		{F461F2BE-F8BF-4A7A-80B8-DCDE6F8A64DD}.AppStore|x86.ActiveCfg = Release|Any CPU
		{F461F2BE-F8BF-4A7A-80B8-DCDE6F8A64DD}.AppStore|x86.Build.0 = Release|Any CPU
		{F461F2BE-F8BF-4A7A-80B8-DCDE6F8A64DD}.AzureWebSites|Any CPU.ActiveCfg = Release|Any CPU
		{F461F2BE-F8BF-4A7A-80B8-DCDE6F8A64DD}.AzureWebSites|Any CPU.Build.0 = Release|Any CPU
		{F461F2BE-F8BF-4A7A-80B8-DCDE6F8A64DD}.AzureWebSites|ARM.ActiveCfg = Release|Any CPU
		{F461F2BE-F8BF-4A7A-80B8-DCDE6F8A64DD}.AzureWebSites|ARM.Build.0 = Release|Any CPU
		{F461F2BE-F8BF-4A7A-80B8-DCDE6F8A64DD}.AzureWebSites|iPhone.ActiveCfg = Release|Any CPU
		{F461F2BE-F8BF-4A7A-80B8-DCDE6F8A64DD}.AzureWebSites|iPhone.Build.0 = Release|Any CPU
		{F461F2BE-F8BF-4A7A-80B8-DCDE6F8A64DD}.AzureWebSites|iPhoneSimulator.ActiveCfg = Release|Any CPU
		{F461F2BE-F8BF-4A7A-80B8-DCDE6F8A64DD}.AzureWebSites|iPhoneSimulator.Build.0 = Release|Any CPU
		{F461F2BE-F8BF-4A7A-80B8-DCDE6F8A64DD}.AzureWebSites|x86.ActiveCfg = Release|Any CPU
		{F461F2BE-F8BF-4A7A-80B8-DCDE6F8A64DD}.AzureWebSites|x86.Build.0 = Release|Any CPU
		{F461F2BE-F8BF-4A7A-80B8-DCDE6F8A64DD}.Debug|Any CPU.ActiveCfg = Debug|Any CPU
		{F461F2BE-F8BF-4A7A-80B8-DCDE6F8A64DD}.Debug|Any CPU.Build.0 = Debug|Any CPU
		{F461F2BE-F8BF-4A7A-80B8-DCDE6F8A64DD}.Debug|ARM.ActiveCfg = Debug|Any CPU
		{F461F2BE-F8BF-4A7A-80B8-DCDE6F8A64DD}.Debug|ARM.Build.0 = Debug|Any CPU
		{F461F2BE-F8BF-4A7A-80B8-DCDE6F8A64DD}.Debug|iPhone.ActiveCfg = Debug|Any CPU
		{F461F2BE-F8BF-4A7A-80B8-DCDE6F8A64DD}.Debug|iPhone.Build.0 = Debug|Any CPU
		{F461F2BE-F8BF-4A7A-80B8-DCDE6F8A64DD}.Debug|iPhoneSimulator.ActiveCfg = Debug|Any CPU
		{F461F2BE-F8BF-4A7A-80B8-DCDE6F8A64DD}.Debug|iPhoneSimulator.Build.0 = Debug|Any CPU
		{F461F2BE-F8BF-4A7A-80B8-DCDE6F8A64DD}.Debug|x86.ActiveCfg = Debug|Any CPU
		{F461F2BE-F8BF-4A7A-80B8-DCDE6F8A64DD}.Debug|x86.Build.0 = Debug|Any CPU
		{F461F2BE-F8BF-4A7A-80B8-DCDE6F8A64DD}.Release|Any CPU.ActiveCfg = Release|Any CPU
		{F461F2BE-F8BF-4A7A-80B8-DCDE6F8A64DD}.Release|Any CPU.Build.0 = Release|Any CPU
		{F461F2BE-F8BF-4A7A-80B8-DCDE6F8A64DD}.Release|ARM.ActiveCfg = Release|Any CPU
		{F461F2BE-F8BF-4A7A-80B8-DCDE6F8A64DD}.Release|ARM.Build.0 = Release|Any CPU
		{F461F2BE-F8BF-4A7A-80B8-DCDE6F8A64DD}.Release|iPhone.ActiveCfg = Release|Any CPU
		{F461F2BE-F8BF-4A7A-80B8-DCDE6F8A64DD}.Release|iPhone.Build.0 = Release|Any CPU
		{F461F2BE-F8BF-4A7A-80B8-DCDE6F8A64DD}.Release|iPhoneSimulator.ActiveCfg = Release|Any CPU
		{F461F2BE-F8BF-4A7A-80B8-DCDE6F8A64DD}.Release|iPhoneSimulator.Build.0 = Release|Any CPU
		{F461F2BE-F8BF-4A7A-80B8-DCDE6F8A64DD}.Release|x86.ActiveCfg = Release|Any CPU
		{F461F2BE-F8BF-4A7A-80B8-DCDE6F8A64DD}.Release|x86.Build.0 = Release|Any CPU
	EndGlobalSection
	GlobalSection(SolutionProperties) = preSolution
		HideSolutionNode = FALSE
	EndGlobalSection
	GlobalSection(NestedProjects) = preSolution
		{BBC59E01-3209-4995-B79E-98498201FD62} = {9956A193-079A-4CF0-9BD1-02C2A8BB032D}
		{3BDA85E1-BB17-4D08-93CB-D57A171613AF} = {9956A193-079A-4CF0-9BD1-02C2A8BB032D}
		{3CC1AEFE-7C0A-42AA-BB6F-924A5187A2C0} = {0232781D-EF57-4661-BA02-02DD607332FB}
		{2720563E-D252-438A-8C0F-7A0891DF444B} = {0232781D-EF57-4661-BA02-02DD607332FB}
	EndGlobalSection
EndGlobal
